<Solution>
  <Project Path="src/AzagraBank.ApiService/AzagraBank.ApiService.csproj" />
  <Project Path="src/AzagraBank.AppHost/AzagraBank.AppHost.csproj" />
  <Project Path="src/AzagraBank.EventBus/AzagraBank.EventBus.csproj" Id="ab71bd95-2cc0-4d1b-aa12-a18367363fb5" />
  <Project Path="src/AzagraBank.Messages/AzagraBank.Messages.csproj" Id="7550d081-49be-4b7c-9a3e-1c8acb07d19e" />
  <Project Path="src/AzagraBank.ServiceDefaults/AzagraBank.ServiceDefaults.csproj" />
</Solution>
