Microsoft Visual Studio Solution File, Format Version 12.00
# Visual Studio Version 17
VisualStudioVersion = 17.14.36202.13 d17.14
MinimumVisualStudioVersion = 10.0.40219.1
Project("{FAE04EC0-301F-11D3-BF4B-00C04F79EFBC}") = "AzagraBank.AppHost", "AzagraBank.AppHost\AzagraBank.AppHost.csproj", "{C440FB98-1952-4BAE-88B2-8E93ACFDA04B}"
EndProject
Project("{FAE04EC0-301F-11D3-BF4B-00C04F79EFBC}") = "AzagraBank.ServiceDefaults", "AzagraBank.ServiceDefaults\AzagraBank.ServiceDefaults.csproj", "{8B4E8FF2-8E39-4607-85DB-D3472E5D6370}"
EndProject
Project("{FAE04EC0-301F-11D3-BF4B-00C04F79EFBC}") = "AzagraBank.ApiService", "AzagraBank.ApiService\AzagraBank.ApiService.csproj", "{FA11FB7D-9A90-84DD-65A0-80E33336564B}"
EndProject
Global
	GlobalSection(SolutionConfigurationPlatforms) = preSolution
		Debug|Any CPU = Debug|Any CPU
		Release|Any CPU = Release|Any CPU
	EndGlobalSection
	GlobalSection(ProjectConfigurationPlatforms) = postSolution
		{C440FB98-1952-4BAE-88B2-8E93ACFDA04B}.Debug|Any CPU.ActiveCfg = Debug|Any CPU
		{C440FB98-1952-4BAE-88B2-8E93ACFDA04B}.Debug|Any CPU.Build.0 = Debug|Any CPU
		{C440FB98-1952-4BAE-88B2-8E93ACFDA04B}.Release|Any CPU.ActiveCfg = Release|Any CPU
		{C440FB98-1952-4BAE-88B2-8E93ACFDA04B}.Release|Any CPU.Build.0 = Release|Any CPU
		{8B4E8FF2-8E39-4607-85DB-D3472E5D6370}.Debug|Any CPU.ActiveCfg = Debug|Any CPU
		{8B4E8FF2-8E39-4607-85DB-D3472E5D6370}.Debug|Any CPU.Build.0 = Debug|Any CPU
		{8B4E8FF2-8E39-4607-85DB-D3472E5D6370}.Release|Any CPU.ActiveCfg = Release|Any CPU
		{8B4E8FF2-8E39-4607-85DB-D3472E5D6370}.Release|Any CPU.Build.0 = Release|Any CPU
		{FA11FB7D-9A90-84DD-65A0-80E33336564B}.Debug|Any CPU.ActiveCfg = Debug|Any CPU
		{FA11FB7D-9A90-84DD-65A0-80E33336564B}.Debug|Any CPU.Build.0 = Debug|Any CPU
		{FA11FB7D-9A90-84DD-65A0-80E33336564B}.Release|Any CPU.ActiveCfg = Release|Any CPU
		{FA11FB7D-9A90-84DD-65A0-80E33336564B}.Release|Any CPU.Build.0 = Release|Any CPU
	EndGlobalSection
	GlobalSection(SolutionProperties) = preSolution
		HideSolutionNode = FALSE
	EndGlobalSection
	GlobalSection(ExtensibilityGlobals) = postSolution
		SolutionGuid = {A99F8711-9859-4A4B-81E9-36661A142C99}
	EndGlobalSection
EndGlobal
